
Microsoft Visual Studio Solution File, Format Version 12.00
# Visual Studio 15
VisualStudioVersion = 15.0.27703.2026
MinimumVisualStudioVersion = 10.0.40219.1
Project("{FAE04EC0-301F-11D3-BF4B-00C04F79EFBC}") = "PersonDemo", "PersonDemo\PersonDemo.csproj", "{77C40D4A-465D-4311-B0EB-59113F5EC7D1}"
EndProject
Global
	GlobalSection(SolutionConfigurationPlatforms) = preSolution
		Debug|Any CPU = Debug|Any CPU
		Release|Any CPU = Release|Any CPU
	EndGlobalSection
	GlobalSection(ProjectConfigurationPlatforms) = postSolution
		{77C40D4A-465D-4311-B0EB-59113F5EC7D1}.Debug|Any CPU.ActiveCfg = Debug|Any CPU
		{77C40D4A-465D-4311-B0EB-59113F5EC7D1}.Debug|Any CPU.Build.0 = Debug|Any CPU
		{77C40D4A-465D-4311-B0EB-59113F5EC7D1}.Release|Any CPU.ActiveCfg = Release|Any CPU
		{77C40D4A-465D-4311-B0EB-59113F5EC7D1}.Release|Any CPU.Build.0 = Release|Any CPU
	EndGlobalSection
	GlobalSection(SolutionProperties) = preSolution
		HideSolutionNode = FALSE
	EndGlobalSection
	GlobalSection(ExtensibilityGlobals) = postSolution
		SolutionGuid = {CCA1ED5B-613F-41BE-B3F9-35813D444D44}
	EndGlobalSection
EndGlobal
