
Microsoft Visual Studio Solution File, Format Version 12.00
# Visual Studio 15
VisualStudioVersion = 15.0.27703.2026
MinimumVisualStudioVersion = 10.0.40219.1
Project("{FAE04EC0-301F-11D3-BF4B-00C04F79EFBC}") = "practise", "practise\practise.csproj", "{AD982930-DF0B-4F7E-83A5-36E0C2C12A6E}"
EndProject
Global
	GlobalSection(SolutionConfigurationPlatforms) = preSolution
		Debug|Any CPU = Debug|Any CPU
		Release|Any CPU = Release|Any CPU
	EndGlobalSection
	GlobalSection(ProjectConfigurationPlatforms) = postSolution
		{AD982930-DF0B-4F7E-83A5-36E0C2C12A6E}.Debug|Any CPU.ActiveCfg = Debug|Any CPU
		{AD982930-DF0B-4F7E-83A5-36E0C2C12A6E}.Debug|Any CPU.Build.0 = Debug|Any CPU
		{AD982930-DF0B-4F7E-83A5-36E0C2C12A6E}.Release|Any CPU.ActiveCfg = Release|Any CPU
		{AD982930-DF0B-4F7E-83A5-36E0C2C12A6E}.Release|Any CPU.Build.0 = Release|Any CPU
	EndGlobalSection
	GlobalSection(SolutionProperties) = preSolution
		HideSolutionNode = FALSE
	EndGlobalSection
	GlobalSection(ExtensibilityGlobals) = postSolution
		SolutionGuid = {DD06FFF9-C8AB-42AC-9207-72E07508F726}
	EndGlobalSection
EndGlobal
