
Microsoft Visual Studio Solution File, Format Version 12.00
# Visual Studio 15
VisualStudioVersion = 15.0.27703.2026
MinimumVisualStudioVersion = 10.0.40219.1
Project("{FAE04EC0-301F-11D3-BF4B-00C04F79EFBC}") = "linearSearch", "linearSearch\linearSearch.csproj", "{FA2F5A20-95F1-4227-B1EF-4677958D9F9C}"
EndProject
Global
	GlobalSection(SolutionConfigurationPlatforms) = preSolution
		Debug|Any CPU = Debug|Any CPU
		Release|Any CPU = Release|Any CPU
	EndGlobalSection
	GlobalSection(ProjectConfigurationPlatforms) = postSolution
		{FA2F5A20-95F1-4227-B1EF-4677958D9F9C}.Debug|Any CPU.ActiveCfg = Debug|Any CPU
		{FA2F5A20-95F1-4227-B1EF-4677958D9F9C}.Debug|Any CPU.Build.0 = Debug|Any CPU
		{FA2F5A20-95F1-4227-B1EF-4677958D9F9C}.Release|Any CPU.ActiveCfg = Release|Any CPU
		{FA2F5A20-95F1-4227-B1EF-4677958D9F9C}.Release|Any CPU.Build.0 = Release|Any CPU
	EndGlobalSection
	GlobalSection(SolutionProperties) = preSolution
		HideSolutionNode = FALSE
	EndGlobalSection
	GlobalSection(ExtensibilityGlobals) = postSolution
		SolutionGuid = {50E19CCE-0788-4430-9431-E7BE058A361F}
	EndGlobalSection
EndGlobal
